<?xml version="1.0" encoding="utf-8"?>
<Project ToolsVersion="4.0" xmlns="http://schemas.microsoft.com/developer/msbuild/2003">
  <ItemGroup>
    <Filter Include="Source Files">
      <UniqueIdentifier>{4FC737F1-C7A5-4376-A066-2A32D752A2FF}</UniqueIdentifier>
      <Extensions>cpp;c;cc;cxx;c++;cppm;ixx;def;odl;idl;hpj;bat;asm;asmx</Extensions>
    </Filter>
    <Filter Include="Header Files">
      <UniqueIdentifier>{93995380-89BD-4b04-88EB-625FBE52EBFB}</UniqueIdentifier>
      <Extensions>h;hh;hpp;hxx;h++;hm;inl;inc;ipp;xsd</Extensions>
    </Filter>
    <Filter Include="Games">
      <UniqueIdentifier>{b215f42e-23e9-4959-a906-c96158a63134}</UniqueIdentifier>
    </Filter>
    <Filter Include="Games\Visualizers">
      <UniqueIdentifier>{c2f9ac5b-6585-4c3e-8b90-5e9fbc3c8ec9}</UniqueIdentifier>
    </Filter>
    <Filter Include="Games\Game Config Files">
      <UniqueIdentifier>{b136370b-098e-4c73-9329-9783ac5fb5f0}</UniqueIdentifier>
    </Filter>
  </ItemGroup>
  <ItemGroup>
    <ClCompile Include="Agent.cpp">
      <Filter>Source Files</Filter>
    </ClCompile>
    <ClCompile Include="Net.cpp">
      <Filter>Source Files</Filter>
    </ClCompile>
    <ClCompile Include="Runner.cpp">
      <Filter>Source Files</Filter>
    </ClCompile>
    <ClCompile Include="sanity.cpp">
      <Filter>Source Files</Filter>
    </ClCompile>
    <ClCompile Include="Simulator.cpp">
      <Filter>Source Files</Filter>
    </ClCompile>
    <ClCompile Include="PongGame.cpp">
      <Filter>Games</Filter>
    </ClCompile>
  </ItemGroup>
  <ItemGroup>
    <ClInclude Include="Agent.h">
      <Filter>Header Files</Filter>
    </ClInclude>
    <ClInclude Include="Net.h">
      <Filter>Header Files</Filter>
    </ClInclude>
    <ClInclude Include="GameList.h">
      <Filter>Header Files</Filter>
    </ClInclude>
    <ClInclude Include="Simulator.h">
      <Filter>Header Files</Filter>
    </ClInclude>
    <ClInclude Include="Game.h">
      <Filter>Games</Filter>
    </ClInclude>
    <ClInclude Include="PongGame.h">
      <Filter>Games</Filter>
    </ClInclude>
    <ClInclude Include="json.hpp">
      <Filter>Header Files</Filter>
    </ClInclude>
  </ItemGroup>
  <ItemGroup>
    <None Include="displayPong2.py">
      <Filter>Games\Visualizers</Filter>
    </None>
    <None Include="network_visualizer.py">
      <Filter>Games\Visualizers</Filter>
    </None>
    <None Include="PongSimulation2.json">
      <Filter>Games\Game Config Files</Filter>
    </None>
    <None Include="PongGameConfig.json">
      <Filter>Games\Game Config Files</Filter>
    </None>
  </ItemGroup>
</Project>